
Microsoft Visual Studio Solution File, Format Version 12.00
# Visual Studio Version 17
VisualStudioVersion = 17.1.32228.430
MinimumVisualStudioVersion = 10.0.40219.1
Project("{9A19103F-16F7-4668-BE54-9A1E7A4F7556}") = "BehaviouPattern", "BehaviouPattern\BehaviouPattern.csproj", "{7605C85F-59DD-4EB8-95AB-1C6B5F7B1DA3}"
EndProject
Project("{2150E333-8FDC-42A3-9474-1A3956D46DE8}") = "TemplateMethod", "TemplateMethod", "{E61C1AB1-4C60-481F-8CCE-C5BA7C70CB28}"
EndProject
Project("{9A19103F-16F7-4668-BE54-9A1E7A4F7556}") = "TemplateMethod", "TemplateMethod\TemplateMethod.csproj", "{4F25A8DC-FF69-4907-8638-0362BB16716E}"
EndProject
Project("{9A19103F-16F7-4668-BE54-9A1E7A4F7556}") = "TemplateMethod2", "TemplateMethod2\TemplateMethod2.csproj", "{765B1F69-B1F9-435B-A68F-9FB298E9F8BD}"
EndProject
Project("{9A19103F-16F7-4668-BE54-9A1E7A4F7556}") = "TemplateMethod3", "TemplateMethod3\TemplateMethod3.csproj", "{E71F30DA-8DF5-4C9A-BA66-A9044021D45B}"
EndProject
Project("{2150E333-8FDC-42A3-9474-1A3956D46DE8}") = "Strategy", "Strategy", "{FE64A5AE-4799-4AE7-9D22-D6B09D6CF96F}"
EndProject
Project("{9A19103F-16F7-4668-BE54-9A1E7A4F7556}") = "Strategy", "Strategy\Strategy.csproj", "{80169725-F4CC-449C-9ECD-52302129058D}"
EndProject
Project("{9A19103F-16F7-4668-BE54-9A1E7A4F7556}") = "Strategy2", "Strategy2\Strategy2.csproj", "{CC33C958-79D2-4C08-969E-E6ED8419BB52}"
EndProject
Project("{2150E333-8FDC-42A3-9474-1A3956D46DE8}") = "Command", "Command", "{23297ED6-B736-4F0A-A744-FFAE18322E16}"
EndProject
Project("{9A19103F-16F7-4668-BE54-9A1E7A4F7556}") = "Command", "Command\Command.csproj", "{6C3E1435-E0E4-45B9-B02E-21A0D0D19EC5}"
EndProject
Project("{2150E333-8FDC-42A3-9474-1A3956D46DE8}") = "Memento", "Memento", "{2E01BC3E-6763-4721-B07B-CB87BE6DAC68}"
EndProject
Project("{9A19103F-16F7-4668-BE54-9A1E7A4F7556}") = "Memento", "Memento\Memento.csproj", "{28FAF4EA-5B98-4677-862D-92FBFCDC9EF0}"
EndProject
Project("{2150E333-8FDC-42A3-9474-1A3956D46DE8}") = "Mediator", "Mediator", "{7C3D012C-E803-47FC-96ED-6C205DFAF50B}"
EndProject
Project("{9A19103F-16F7-4668-BE54-9A1E7A4F7556}") = "Mediator", "Mediator\Mediator.csproj", "{86D2C2D6-B749-4EEF-8089-B80CFE94DF53}"
EndProject
Project("{2150E333-8FDC-42A3-9474-1A3956D46DE8}") = "ChainOfResponsibility", "ChainOfResponsibility", "{FA28FA75-8988-4723-B9AC-76AABF03E3CE}"
EndProject
Project("{9A19103F-16F7-4668-BE54-9A1E7A4F7556}") = "ChainOfResposibility", "ChainOfResposibility\ChainOfResposibility.csproj", "{4FFA9B5E-6523-455B-9036-763E1BDBC443}"
EndProject
Project("{9A19103F-16F7-4668-BE54-9A1E7A4F7556}") = "ChainOfresposibility2", "ChainOfresposibility2\ChainOfresposibility2.csproj", "{88290042-79EF-4443-ABD4-B9E592B094E3}"
EndProject
Project("{9A19103F-16F7-4668-BE54-9A1E7A4F7556}") = "ChainOfResposibility3", "ChainOfResposibility3\ChainOfResposibility3.csproj", "{07949F39-CAA2-4162-B694-8CA9F41083C4}"
EndProject
Project("{9A19103F-16F7-4668-BE54-9A1E7A4F7556}") = "ChainOfResposibility4", "ChainOfResposibility4\ChainOfResposibility4.csproj", "{5B40AFF7-A33F-4D5C-9C48-5EA1EAE7447B}"
EndProject
Project("{2150E333-8FDC-42A3-9474-1A3956D46DE8}") = "Observer", "Observer", "{C2B178E6-E9B8-49C0-95D2-C5C1429F4BA6}"
EndProject
Project("{9A19103F-16F7-4668-BE54-9A1E7A4F7556}") = "Observer", "Observer\Observer.csproj", "{3FFAF42D-CCD6-40CA-9A6C-2C79CCD52842}"
EndProject
Project("{2150E333-8FDC-42A3-9474-1A3956D46DE8}") = "State", "State", "{FED8902C-FFC3-48AF-9AD2-3B3250DCAE2F}"
EndProject
Project("{9A19103F-16F7-4668-BE54-9A1E7A4F7556}") = "State", "State\State.csproj", "{4AA2D0E0-BD55-4D2D-B8A2-1C9F43307E65}"
EndProject
Project("{2150E333-8FDC-42A3-9474-1A3956D46DE8}") = "Iterator", "Iterator", "{6A66888A-554D-43BD-B399-176D2D6A9F95}"
EndProject
Project("{9A19103F-16F7-4668-BE54-9A1E7A4F7556}") = "Iterator", "Iterator\Iterator.csproj", "{52904E31-AAE9-407C-BA00-0F434022B006}"
EndProject
Project("{2150E333-8FDC-42A3-9474-1A3956D46DE8}") = "Visitor", "Visitor", "{39AB6B9D-1C8F-4E74-851B-A13F1EC20FBD}"
EndProject
Project("{9A19103F-16F7-4668-BE54-9A1E7A4F7556}") = "Visitor", "Visitor\Visitor.csproj", "{C171DF60-576B-4DF7-AA0C-86D17FA4FFDB}"
EndProject
Project("{2150E333-8FDC-42A3-9474-1A3956D46DE8}") = "Interpeter", "Interpeter", "{4DB1F82E-4163-442F-B4A8-5297F5C68AA4}"
EndProject
Project("{9A19103F-16F7-4668-BE54-9A1E7A4F7556}") = "Interpreter", "Interpreter\Interpreter.csproj", "{9D3CDC02-0A20-465D-A593-7C1BAA4A8D20}"
EndProject
Project("{9A19103F-16F7-4668-BE54-9A1E7A4F7556}") = "State.2", "State.2\State.2.csproj", "{65FFF651-9D30-4308-AAFA-DBF702169ACD}"
EndProject
Project("{9A19103F-16F7-4668-BE54-9A1E7A4F7556}") = "State3", "State3\State3.csproj", "{3409BCDA-58A1-49C4-BFA1-5A40CABA2929}"
EndProject
Project("{9A19103F-16F7-4668-BE54-9A1E7A4F7556}") = "StateMachine", "StateMachine\StateMachine.csproj", "{DFF64C23-9C14-40BA-AE25-CB6634C9CBF6}"
EndProject
Project("{9A19103F-16F7-4668-BE54-9A1E7A4F7556}") = "Observer2", "Observer2\Observer2.csproj", "{BC10104D-2E9F-4F6A-85D2-0F30E3EEAC0F}"
EndProject
Project("{9A19103F-16F7-4668-BE54-9A1E7A4F7556}") = "Observer3", "Observer3\Observer3.csproj", "{F1218A7E-0FB8-473B-A32B-A4C020B6E37C}"
EndProject
Project("{9A19103F-16F7-4668-BE54-9A1E7A4F7556}") = "Observer4", "Observer4\Observer4.csproj", "{A56B9A79-65F0-4DAC-B59D-31C4C743B709}"
EndProject
Project("{9A19103F-16F7-4668-BE54-9A1E7A4F7556}") = "Command2", "Command2\Command2.csproj", "{3609F16B-862C-4B05-A29E-9D201CDA2749}"
EndProject
Project("{9A19103F-16F7-4668-BE54-9A1E7A4F7556}") = "Visitor2", "Visitor2\Visitor2.csproj", "{F6742B08-3D20-4EE3-B860-20F240728CEF}"
EndProject
Project("{FAE04EC0-301F-11D3-BF4B-00C04F79EFBC}") = "ChainOfResposibilities5", "ChainOfResposibilities5\ChainOfResposibilities5.csproj", "{82738D71-280D-4EF7-8A2B-7DC6041076F9}"
EndProject
Project("{FAE04EC0-301F-11D3-BF4B-00C04F79EFBC}") = "BetterChainOfResponsibility", "BetterChainOfResponsibility\BetterChainOfResponsibility.csproj", "{57C02CF5-439D-4D1A-8A8C-DD7370656A69}"
EndProject
Project("{FAE04EC0-301F-11D3-BF4B-00C04F79EFBC}") = "Observer5", "Observer5\Observer5.csproj", "{86AC2D63-1A95-4562-A512-6FFFA5CB1B00}"
EndProject
Project("{FAE04EC0-301F-11D3-BF4B-00C04F79EFBC}") = "ReactiveExtension", "ReactiveExtension\ReactiveExtension.csproj", "{768A7728-12A2-4236-BEB9-EBB35F88FA94}"
EndProject
Global
	GlobalSection(SolutionConfigurationPlatforms) = preSolution
		Debug|Any CPU = Debug|Any CPU
		Release|Any CPU = Release|Any CPU
	EndGlobalSection
	GlobalSection(ProjectConfigurationPlatforms) = postSolution
		{7605C85F-59DD-4EB8-95AB-1C6B5F7B1DA3}.Debug|Any CPU.ActiveCfg = Debug|Any CPU
		{7605C85F-59DD-4EB8-95AB-1C6B5F7B1DA3}.Debug|Any CPU.Build.0 = Debug|Any CPU
		{7605C85F-59DD-4EB8-95AB-1C6B5F7B1DA3}.Release|Any CPU.ActiveCfg = Release|Any CPU
		{7605C85F-59DD-4EB8-95AB-1C6B5F7B1DA3}.Release|Any CPU.Build.0 = Release|Any CPU
		{4F25A8DC-FF69-4907-8638-0362BB16716E}.Debug|Any CPU.ActiveCfg = Debug|Any CPU
		{4F25A8DC-FF69-4907-8638-0362BB16716E}.Debug|Any CPU.Build.0 = Debug|Any CPU
		{4F25A8DC-FF69-4907-8638-0362BB16716E}.Release|Any CPU.ActiveCfg = Release|Any CPU
		{4F25A8DC-FF69-4907-8638-0362BB16716E}.Release|Any CPU.Build.0 = Release|Any CPU
		{765B1F69-B1F9-435B-A68F-9FB298E9F8BD}.Debug|Any CPU.ActiveCfg = Debug|Any CPU
		{765B1F69-B1F9-435B-A68F-9FB298E9F8BD}.Debug|Any CPU.Build.0 = Debug|Any CPU
		{765B1F69-B1F9-435B-A68F-9FB298E9F8BD}.Release|Any CPU.ActiveCfg = Release|Any CPU
		{765B1F69-B1F9-435B-A68F-9FB298E9F8BD}.Release|Any CPU.Build.0 = Release|Any CPU
		{E71F30DA-8DF5-4C9A-BA66-A9044021D45B}.Debug|Any CPU.ActiveCfg = Debug|Any CPU
		{E71F30DA-8DF5-4C9A-BA66-A9044021D45B}.Debug|Any CPU.Build.0 = Debug|Any CPU
		{E71F30DA-8DF5-4C9A-BA66-A9044021D45B}.Release|Any CPU.ActiveCfg = Release|Any CPU
		{E71F30DA-8DF5-4C9A-BA66-A9044021D45B}.Release|Any CPU.Build.0 = Release|Any CPU
		{80169725-F4CC-449C-9ECD-52302129058D}.Debug|Any CPU.ActiveCfg = Debug|Any CPU
		{80169725-F4CC-449C-9ECD-52302129058D}.Debug|Any CPU.Build.0 = Debug|Any CPU
		{80169725-F4CC-449C-9ECD-52302129058D}.Release|Any CPU.ActiveCfg = Release|Any CPU
		{80169725-F4CC-449C-9ECD-52302129058D}.Release|Any CPU.Build.0 = Release|Any CPU
		{CC33C958-79D2-4C08-969E-E6ED8419BB52}.Debug|Any CPU.ActiveCfg = Debug|Any CPU
		{CC33C958-79D2-4C08-969E-E6ED8419BB52}.Debug|Any CPU.Build.0 = Debug|Any CPU
		{CC33C958-79D2-4C08-969E-E6ED8419BB52}.Release|Any CPU.ActiveCfg = Release|Any CPU
		{CC33C958-79D2-4C08-969E-E6ED8419BB52}.Release|Any CPU.Build.0 = Release|Any CPU
		{6C3E1435-E0E4-45B9-B02E-21A0D0D19EC5}.Debug|Any CPU.ActiveCfg = Debug|Any CPU
		{6C3E1435-E0E4-45B9-B02E-21A0D0D19EC5}.Debug|Any CPU.Build.0 = Debug|Any CPU
		{6C3E1435-E0E4-45B9-B02E-21A0D0D19EC5}.Release|Any CPU.ActiveCfg = Release|Any CPU
		{6C3E1435-E0E4-45B9-B02E-21A0D0D19EC5}.Release|Any CPU.Build.0 = Release|Any CPU
		{28FAF4EA-5B98-4677-862D-92FBFCDC9EF0}.Debug|Any CPU.ActiveCfg = Debug|Any CPU
		{28FAF4EA-5B98-4677-862D-92FBFCDC9EF0}.Debug|Any CPU.Build.0 = Debug|Any CPU
		{28FAF4EA-5B98-4677-862D-92FBFCDC9EF0}.Release|Any CPU.ActiveCfg = Release|Any CPU
		{28FAF4EA-5B98-4677-862D-92FBFCDC9EF0}.Release|Any CPU.Build.0 = Release|Any CPU
		{86D2C2D6-B749-4EEF-8089-B80CFE94DF53}.Debug|Any CPU.ActiveCfg = Debug|Any CPU
		{86D2C2D6-B749-4EEF-8089-B80CFE94DF53}.Debug|Any CPU.Build.0 = Debug|Any CPU
		{86D2C2D6-B749-4EEF-8089-B80CFE94DF53}.Release|Any CPU.ActiveCfg = Release|Any CPU
		{86D2C2D6-B749-4EEF-8089-B80CFE94DF53}.Release|Any CPU.Build.0 = Release|Any CPU
		{4FFA9B5E-6523-455B-9036-763E1BDBC443}.Debug|Any CPU.ActiveCfg = Debug|Any CPU
		{4FFA9B5E-6523-455B-9036-763E1BDBC443}.Debug|Any CPU.Build.0 = Debug|Any CPU
		{4FFA9B5E-6523-455B-9036-763E1BDBC443}.Release|Any CPU.ActiveCfg = Release|Any CPU
		{4FFA9B5E-6523-455B-9036-763E1BDBC443}.Release|Any CPU.Build.0 = Release|Any CPU
		{88290042-79EF-4443-ABD4-B9E592B094E3}.Debug|Any CPU.ActiveCfg = Debug|Any CPU
		{88290042-79EF-4443-ABD4-B9E592B094E3}.Debug|Any CPU.Build.0 = Debug|Any CPU
		{88290042-79EF-4443-ABD4-B9E592B094E3}.Release|Any CPU.ActiveCfg = Release|Any CPU
		{88290042-79EF-4443-ABD4-B9E592B094E3}.Release|Any CPU.Build.0 = Release|Any CPU
		{07949F39-CAA2-4162-B694-8CA9F41083C4}.Debug|Any CPU.ActiveCfg = Debug|Any CPU
		{07949F39-CAA2-4162-B694-8CA9F41083C4}.Debug|Any CPU.Build.0 = Debug|Any CPU
		{07949F39-CAA2-4162-B694-8CA9F41083C4}.Release|Any CPU.ActiveCfg = Release|Any CPU
		{07949F39-CAA2-4162-B694-8CA9F41083C4}.Release|Any CPU.Build.0 = Release|Any CPU
		{5B40AFF7-A33F-4D5C-9C48-5EA1EAE7447B}.Debug|Any CPU.ActiveCfg = Debug|Any CPU
		{5B40AFF7-A33F-4D5C-9C48-5EA1EAE7447B}.Debug|Any CPU.Build.0 = Debug|Any CPU
		{5B40AFF7-A33F-4D5C-9C48-5EA1EAE7447B}.Release|Any CPU.ActiveCfg = Release|Any CPU
		{5B40AFF7-A33F-4D5C-9C48-5EA1EAE7447B}.Release|Any CPU.Build.0 = Release|Any CPU
		{3FFAF42D-CCD6-40CA-9A6C-2C79CCD52842}.Debug|Any CPU.ActiveCfg = Debug|Any CPU
		{3FFAF42D-CCD6-40CA-9A6C-2C79CCD52842}.Debug|Any CPU.Build.0 = Debug|Any CPU
		{3FFAF42D-CCD6-40CA-9A6C-2C79CCD52842}.Release|Any CPU.ActiveCfg = Release|Any CPU
		{3FFAF42D-CCD6-40CA-9A6C-2C79CCD52842}.Release|Any CPU.Build.0 = Release|Any CPU
		{4AA2D0E0-BD55-4D2D-B8A2-1C9F43307E65}.Debug|Any CPU.ActiveCfg = Debug|Any CPU
		{4AA2D0E0-BD55-4D2D-B8A2-1C9F43307E65}.Debug|Any CPU.Build.0 = Debug|Any CPU
		{4AA2D0E0-BD55-4D2D-B8A2-1C9F43307E65}.Release|Any CPU.ActiveCfg = Release|Any CPU
		{4AA2D0E0-BD55-4D2D-B8A2-1C9F43307E65}.Release|Any CPU.Build.0 = Release|Any CPU
		{52904E31-AAE9-407C-BA00-0F434022B006}.Debug|Any CPU.ActiveCfg = Debug|Any CPU
		{52904E31-AAE9-407C-BA00-0F434022B006}.Debug|Any CPU.Build.0 = Debug|Any CPU
		{52904E31-AAE9-407C-BA00-0F434022B006}.Release|Any CPU.ActiveCfg = Release|Any CPU
		{52904E31-AAE9-407C-BA00-0F434022B006}.Release|Any CPU.Build.0 = Release|Any CPU
		{C171DF60-576B-4DF7-AA0C-86D17FA4FFDB}.Debug|Any CPU.ActiveCfg = Debug|Any CPU
		{C171DF60-576B-4DF7-AA0C-86D17FA4FFDB}.Debug|Any CPU.Build.0 = Debug|Any CPU
		{C171DF60-576B-4DF7-AA0C-86D17FA4FFDB}.Release|Any CPU.ActiveCfg = Release|Any CPU
		{C171DF60-576B-4DF7-AA0C-86D17FA4FFDB}.Release|Any CPU.Build.0 = Release|Any CPU
		{9D3CDC02-0A20-465D-A593-7C1BAA4A8D20}.Debug|Any CPU.ActiveCfg = Debug|Any CPU
		{9D3CDC02-0A20-465D-A593-7C1BAA4A8D20}.Debug|Any CPU.Build.0 = Debug|Any CPU
		{9D3CDC02-0A20-465D-A593-7C1BAA4A8D20}.Release|Any CPU.ActiveCfg = Release|Any CPU
		{9D3CDC02-0A20-465D-A593-7C1BAA4A8D20}.Release|Any CPU.Build.0 = Release|Any CPU
		{65FFF651-9D30-4308-AAFA-DBF702169ACD}.Debug|Any CPU.ActiveCfg = Debug|Any CPU
		{65FFF651-9D30-4308-AAFA-DBF702169ACD}.Debug|Any CPU.Build.0 = Debug|Any CPU
		{65FFF651-9D30-4308-AAFA-DBF702169ACD}.Release|Any CPU.ActiveCfg = Release|Any CPU
		{65FFF651-9D30-4308-AAFA-DBF702169ACD}.Release|Any CPU.Build.0 = Release|Any CPU
		{3409BCDA-58A1-49C4-BFA1-5A40CABA2929}.Debug|Any CPU.ActiveCfg = Debug|Any CPU
		{3409BCDA-58A1-49C4-BFA1-5A40CABA2929}.Debug|Any CPU.Build.0 = Debug|Any CPU
		{3409BCDA-58A1-49C4-BFA1-5A40CABA2929}.Release|Any CPU.ActiveCfg = Release|Any CPU
		{3409BCDA-58A1-49C4-BFA1-5A40CABA2929}.Release|Any CPU.Build.0 = Release|Any CPU
		{DFF64C23-9C14-40BA-AE25-CB6634C9CBF6}.Debug|Any CPU.ActiveCfg = Debug|Any CPU
		{DFF64C23-9C14-40BA-AE25-CB6634C9CBF6}.Debug|Any CPU.Build.0 = Debug|Any CPU
		{DFF64C23-9C14-40BA-AE25-CB6634C9CBF6}.Release|Any CPU.ActiveCfg = Release|Any CPU
		{DFF64C23-9C14-40BA-AE25-CB6634C9CBF6}.Release|Any CPU.Build.0 = Release|Any CPU
		{BC10104D-2E9F-4F6A-85D2-0F30E3EEAC0F}.Debug|Any CPU.ActiveCfg = Debug|Any CPU
		{BC10104D-2E9F-4F6A-85D2-0F30E3EEAC0F}.Debug|Any CPU.Build.0 = Debug|Any CPU
		{BC10104D-2E9F-4F6A-85D2-0F30E3EEAC0F}.Release|Any CPU.ActiveCfg = Release|Any CPU
		{BC10104D-2E9F-4F6A-85D2-0F30E3EEAC0F}.Release|Any CPU.Build.0 = Release|Any CPU
		{F1218A7E-0FB8-473B-A32B-A4C020B6E37C}.Debug|Any CPU.ActiveCfg = Debug|Any CPU
		{F1218A7E-0FB8-473B-A32B-A4C020B6E37C}.Debug|Any CPU.Build.0 = Debug|Any CPU
		{F1218A7E-0FB8-473B-A32B-A4C020B6E37C}.Release|Any CPU.ActiveCfg = Release|Any CPU
		{F1218A7E-0FB8-473B-A32B-A4C020B6E37C}.Release|Any CPU.Build.0 = Release|Any CPU
		{A56B9A79-65F0-4DAC-B59D-31C4C743B709}.Debug|Any CPU.ActiveCfg = Debug|Any CPU
		{A56B9A79-65F0-4DAC-B59D-31C4C743B709}.Debug|Any CPU.Build.0 = Debug|Any CPU
		{A56B9A79-65F0-4DAC-B59D-31C4C743B709}.Release|Any CPU.ActiveCfg = Release|Any CPU
		{A56B9A79-65F0-4DAC-B59D-31C4C743B709}.Release|Any CPU.Build.0 = Release|Any CPU
		{3609F16B-862C-4B05-A29E-9D201CDA2749}.Debug|Any CPU.ActiveCfg = Debug|Any CPU
		{3609F16B-862C-4B05-A29E-9D201CDA2749}.Debug|Any CPU.Build.0 = Debug|Any CPU
		{3609F16B-862C-4B05-A29E-9D201CDA2749}.Release|Any CPU.ActiveCfg = Release|Any CPU
		{3609F16B-862C-4B05-A29E-9D201CDA2749}.Release|Any CPU.Build.0 = Release|Any CPU
		{F6742B08-3D20-4EE3-B860-20F240728CEF}.Debug|Any CPU.ActiveCfg = Debug|Any CPU
		{F6742B08-3D20-4EE3-B860-20F240728CEF}.Debug|Any CPU.Build.0 = Debug|Any CPU
		{F6742B08-3D20-4EE3-B860-20F240728CEF}.Release|Any CPU.ActiveCfg = Release|Any CPU
		{F6742B08-3D20-4EE3-B860-20F240728CEF}.Release|Any CPU.Build.0 = Release|Any CPU
		{82738D71-280D-4EF7-8A2B-7DC6041076F9}.Debug|Any CPU.ActiveCfg = Debug|Any CPU
		{82738D71-280D-4EF7-8A2B-7DC6041076F9}.Debug|Any CPU.Build.0 = Debug|Any CPU
		{82738D71-280D-4EF7-8A2B-7DC6041076F9}.Release|Any CPU.ActiveCfg = Release|Any CPU
		{82738D71-280D-4EF7-8A2B-7DC6041076F9}.Release|Any CPU.Build.0 = Release|Any CPU
		{57C02CF5-439D-4D1A-8A8C-DD7370656A69}.Debug|Any CPU.ActiveCfg = Debug|Any CPU
		{57C02CF5-439D-4D1A-8A8C-DD7370656A69}.Debug|Any CPU.Build.0 = Debug|Any CPU
		{57C02CF5-439D-4D1A-8A8C-DD7370656A69}.Release|Any CPU.ActiveCfg = Release|Any CPU
		{57C02CF5-439D-4D1A-8A8C-DD7370656A69}.Release|Any CPU.Build.0 = Release|Any CPU
		{86AC2D63-1A95-4562-A512-6FFFA5CB1B00}.Debug|Any CPU.ActiveCfg = Debug|Any CPU
		{86AC2D63-1A95-4562-A512-6FFFA5CB1B00}.Debug|Any CPU.Build.0 = Debug|Any CPU
		{86AC2D63-1A95-4562-A512-6FFFA5CB1B00}.Release|Any CPU.ActiveCfg = Release|Any CPU
		{86AC2D63-1A95-4562-A512-6FFFA5CB1B00}.Release|Any CPU.Build.0 = Release|Any CPU
		{768A7728-12A2-4236-BEB9-EBB35F88FA94}.Debug|Any CPU.ActiveCfg = Debug|Any CPU
		{768A7728-12A2-4236-BEB9-EBB35F88FA94}.Debug|Any CPU.Build.0 = Debug|Any CPU
		{768A7728-12A2-4236-BEB9-EBB35F88FA94}.Release|Any CPU.ActiveCfg = Release|Any CPU
		{768A7728-12A2-4236-BEB9-EBB35F88FA94}.Release|Any CPU.Build.0 = Release|Any CPU
	EndGlobalSection
	GlobalSection(SolutionProperties) = preSolution
		HideSolutionNode = FALSE
	EndGlobalSection
	GlobalSection(NestedProjects) = preSolution
		{4F25A8DC-FF69-4907-8638-0362BB16716E} = {E61C1AB1-4C60-481F-8CCE-C5BA7C70CB28}
		{765B1F69-B1F9-435B-A68F-9FB298E9F8BD} = {E61C1AB1-4C60-481F-8CCE-C5BA7C70CB28}
		{E71F30DA-8DF5-4C9A-BA66-A9044021D45B} = {E61C1AB1-4C60-481F-8CCE-C5BA7C70CB28}
		{80169725-F4CC-449C-9ECD-52302129058D} = {FE64A5AE-4799-4AE7-9D22-D6B09D6CF96F}
		{CC33C958-79D2-4C08-969E-E6ED8419BB52} = {FE64A5AE-4799-4AE7-9D22-D6B09D6CF96F}
		{6C3E1435-E0E4-45B9-B02E-21A0D0D19EC5} = {23297ED6-B736-4F0A-A744-FFAE18322E16}
		{28FAF4EA-5B98-4677-862D-92FBFCDC9EF0} = {2E01BC3E-6763-4721-B07B-CB87BE6DAC68}
		{86D2C2D6-B749-4EEF-8089-B80CFE94DF53} = {7C3D012C-E803-47FC-96ED-6C205DFAF50B}
		{4FFA9B5E-6523-455B-9036-763E1BDBC443} = {FA28FA75-8988-4723-B9AC-76AABF03E3CE}
		{88290042-79EF-4443-ABD4-B9E592B094E3} = {FA28FA75-8988-4723-B9AC-76AABF03E3CE}
		{07949F39-CAA2-4162-B694-8CA9F41083C4} = {FA28FA75-8988-4723-B9AC-76AABF03E3CE}
		{5B40AFF7-A33F-4D5C-9C48-5EA1EAE7447B} = {FA28FA75-8988-4723-B9AC-76AABF03E3CE}
		{3FFAF42D-CCD6-40CA-9A6C-2C79CCD52842} = {C2B178E6-E9B8-49C0-95D2-C5C1429F4BA6}
		{4AA2D0E0-BD55-4D2D-B8A2-1C9F43307E65} = {FED8902C-FFC3-48AF-9AD2-3B3250DCAE2F}
		{52904E31-AAE9-407C-BA00-0F434022B006} = {6A66888A-554D-43BD-B399-176D2D6A9F95}
		{C171DF60-576B-4DF7-AA0C-86D17FA4FFDB} = {39AB6B9D-1C8F-4E74-851B-A13F1EC20FBD}
		{9D3CDC02-0A20-465D-A593-7C1BAA4A8D20} = {4DB1F82E-4163-442F-B4A8-5297F5C68AA4}
		{65FFF651-9D30-4308-AAFA-DBF702169ACD} = {FED8902C-FFC3-48AF-9AD2-3B3250DCAE2F}
		{3409BCDA-58A1-49C4-BFA1-5A40CABA2929} = {FED8902C-FFC3-48AF-9AD2-3B3250DCAE2F}
		{DFF64C23-9C14-40BA-AE25-CB6634C9CBF6} = {FED8902C-FFC3-48AF-9AD2-3B3250DCAE2F}
		{BC10104D-2E9F-4F6A-85D2-0F30E3EEAC0F} = {C2B178E6-E9B8-49C0-95D2-C5C1429F4BA6}
		{F1218A7E-0FB8-473B-A32B-A4C020B6E37C} = {C2B178E6-E9B8-49C0-95D2-C5C1429F4BA6}
		{A56B9A79-65F0-4DAC-B59D-31C4C743B709} = {C2B178E6-E9B8-49C0-95D2-C5C1429F4BA6}
		{3609F16B-862C-4B05-A29E-9D201CDA2749} = {23297ED6-B736-4F0A-A744-FFAE18322E16}
		{F6742B08-3D20-4EE3-B860-20F240728CEF} = {39AB6B9D-1C8F-4E74-851B-A13F1EC20FBD}
		{82738D71-280D-4EF7-8A2B-7DC6041076F9} = {FA28FA75-8988-4723-B9AC-76AABF03E3CE}
		{57C02CF5-439D-4D1A-8A8C-DD7370656A69} = {FA28FA75-8988-4723-B9AC-76AABF03E3CE}
		{86AC2D63-1A95-4562-A512-6FFFA5CB1B00} = {C2B178E6-E9B8-49C0-95D2-C5C1429F4BA6}
		{768A7728-12A2-4236-BEB9-EBB35F88FA94} = {C2B178E6-E9B8-49C0-95D2-C5C1429F4BA6}
	EndGlobalSection
	GlobalSection(ExtensibilityGlobals) = postSolution
		SolutionGuid = {5A91E1CC-B74C-4005-8C72-B9B2BAE84DFB}
	EndGlobalSection
EndGlobal
